
Microsoft Visual Studio Solution File, Format Version 12.00
# Visual Studio Version 17
VisualStudioVersion = 17.3.32825.248
MinimumVisualStudioVersion = 10.0.40219.1
Project("{9A19103F-16F7-4668-BE54-9A1E7A4F7556}") = "APICourseWorkProject.API", "APICourseWorkProject.API\APICourseWorkProject.API.csproj", "{D8877F12-4309-4870-9DC9-6B66C1FAA51E}"
EndProject
Project("{FAE04EC0-301F-11D3-BF4B-00C04F79EFBC}") = "CWProject.Services", "CWProject.Services\CWProject.Services.csproj", "{BED10D05-96FA-48DF-87F6-91CA476D0D6A}"
EndProject
Project("{FAE04EC0-301F-11D3-BF4B-00C04F79EFBC}") = "CWProject.Models", "CWProject.Models\CWProject.Models.csproj", "{C20F1875-23AB-4A16-88B7-C616542EB929}"
EndProject
Project("{FAE04EC0-301F-11D3-BF4B-00C04F79EFBC}") = "CWProject.Data", "CWProject.Data\CWProject.Data.csproj", "{C8EC628B-75CB-451E-904C-55BA098DBD59}"
EndProject
Global
	GlobalSection(SolutionConfigurationPlatforms) = preSolution
		Debug|Any CPU = Debug|Any CPU
		Release|Any CPU = Release|Any CPU
	EndGlobalSection
	GlobalSection(ProjectConfigurationPlatforms) = postSolution
		{D8877F12-4309-4870-9DC9-6B66C1FAA51E}.Debug|Any CPU.ActiveCfg = Debug|Any CPU
		{D8877F12-4309-4870-9DC9-6B66C1FAA51E}.Debug|Any CPU.Build.0 = Debug|Any CPU
		{D8877F12-4309-4870-9DC9-6B66C1FAA51E}.Release|Any CPU.ActiveCfg = Release|Any CPU
		{D8877F12-4309-4870-9DC9-6B66C1FAA51E}.Release|Any CPU.Build.0 = Release|Any CPU
		{BED10D05-96FA-48DF-87F6-91CA476D0D6A}.Debug|Any CPU.ActiveCfg = Debug|Any CPU
		{BED10D05-96FA-48DF-87F6-91CA476D0D6A}.Debug|Any CPU.Build.0 = Debug|Any CPU
		{BED10D05-96FA-48DF-87F6-91CA476D0D6A}.Release|Any CPU.ActiveCfg = Release|Any CPU
		{BED10D05-96FA-48DF-87F6-91CA476D0D6A}.Release|Any CPU.Build.0 = Release|Any CPU
		{C20F1875-23AB-4A16-88B7-C616542EB929}.Debug|Any CPU.ActiveCfg = Debug|Any CPU
		{C20F1875-23AB-4A16-88B7-C616542EB929}.Debug|Any CPU.Build.0 = Debug|Any CPU
		{C20F1875-23AB-4A16-88B7-C616542EB929}.Release|Any CPU.ActiveCfg = Release|Any CPU
		{C20F1875-23AB-4A16-88B7-C616542EB929}.Release|Any CPU.Build.0 = Release|Any CPU
		{C8EC628B-75CB-451E-904C-55BA098DBD59}.Debug|Any CPU.ActiveCfg = Debug|Any CPU
		{C8EC628B-75CB-451E-904C-55BA098DBD59}.Debug|Any CPU.Build.0 = Debug|Any CPU
		{C8EC628B-75CB-451E-904C-55BA098DBD59}.Release|Any CPU.ActiveCfg = Release|Any CPU
		{C8EC628B-75CB-451E-904C-55BA098DBD59}.Release|Any CPU.Build.0 = Release|Any CPU
	EndGlobalSection
	GlobalSection(SolutionProperties) = preSolution
		HideSolutionNode = FALSE
	EndGlobalSection
	GlobalSection(ExtensibilityGlobals) = postSolution
		SolutionGuid = {4CB791E1-ABA6-45EC-80D7-38EA0E1AC5A8}
	EndGlobalSection
EndGlobal
